// !$*UTF8*$!
{
	archiveVersion = 1;
	classes = {
	};
	objectVersion = 46;
	objects = {

/* Begin PBXBuildFile section */
		C94EAF6F1E85A8650039B41C /* BARPersistenceController.swift in Sources */ = {isa = PBXBuildFile; fileRef = C94EAF6E1E85A8650039B41C /* BARPersistenceController.swift */; };
		C94EAF701E85A8650039B41C /* BARPersistenceController.swift in Sources */ = {isa = PBXBuildFile; fileRef = C94EAF6E1E85A8650039B41C /* BARPersistenceController.swift */; };
		C94EAF711E85A8650039B41C /* BARPersistenceController.swift in Sources */ = {isa = PBXBuildFile; fileRef = C94EAF6E1E85A8650039B41C /* BARPersistenceController.swift */; };
		C990D6561E7095ED00E33BF5 /* AppDelegate.swift in Sources */ = {isa = PBXBuildFile; fileRef = C990D6551E7095ED00E33BF5 /* AppDelegate.swift */; };
		C990D6581E7095ED00E33BF5 /* ViewController.swift in Sources */ = {isa = PBXBuildFile; fileRef = C990D6571E7095ED00E33BF5 /* ViewController.swift */; };
		C990D65B1E7095ED00E33BF5 /* Main.storyboard in Resources */ = {isa = PBXBuildFile; fileRef = C990D6591E7095ED00E33BF5 /* Main.storyboard */; };
		C990D65E1E7095ED00E33BF5 /* KidTimer.xcdatamodeld in Sources */ = {isa = PBXBuildFile; fileRef = C990D65C1E7095ED00E33BF5 /* KidTimer.xcdatamodeld */; };
		C990D6601E7095ED00E33BF5 /* Assets.xcassets in Resources */ = {isa = PBXBuildFile; fileRef = C990D65F1E7095ED00E33BF5 /* Assets.xcassets */; };
		C990D6631E7095ED00E33BF5 /* LaunchScreen.storyboard in Resources */ = {isa = PBXBuildFile; fileRef = C990D6611E7095ED00E33BF5 /* LaunchScreen.storyboard */; };
		C990D66E1E7095EE00E33BF5 /* KidTimerTests.swift in Sources */ = {isa = PBXBuildFile; fileRef = C990D66D1E7095EE00E33BF5 /* KidTimerTests.swift */; };
		C990D6791E7095EF00E33BF5 /* KidTimerUITests.swift in Sources */ = {isa = PBXBuildFile; fileRef = C990D6781E7095EF00E33BF5 /* KidTimerUITests.swift */; };
/* End PBXBuildFile section */

/* Begin PBXContainerItemProxy section */
		C990D66A1E7095EE00E33BF5 /* PBXContainerItemProxy */ = {
			isa = PBXContainerItemProxy;
			containerPortal = C990D64A1E7095EC00E33BF5 /* Project object */;
			proxyType = 1;
			remoteGlobalIDString = C990D6511E7095ED00E33BF5;
			remoteInfo = KidTimer;
		};
		C990D6751E7095EE00E33BF5 /* PBXContainerItemProxy */ = {
			isa = PBXContainerItemProxy;
			containerPortal = C990D64A1E7095EC00E33BF5 /* Project object */;
			proxyType = 1;
			remoteGlobalIDString = C990D6511E7095ED00E33BF5;
			remoteInfo = KidTimer;
		};
/* End PBXContainerItemProxy section */

/* Begin PBXFileReference section */
		C94EAF6E1E85A8650039B41C /* BARPersistenceController.swift */ = {isa = PBXFileReference; fileEncoding = 4; lastKnownFileType = sourcecode.swift; path = BARPersistenceController.swift; sourceTree = "<group>"; };
		C990D6521E7095ED00E33BF5 /* KidTimer.app */ = {isa = PBXFileReference; explicitFileType = wrapper.application; includeInIndex = 0; path = KidTimer.app; sourceTree = BUILT_PRODUCTS_DIR; };
		C990D6551E7095ED00E33BF5 /* AppDelegate.swift */ = {isa = PBXFileReference; lastKnownFileType = sourcecode.swift; path = AppDelegate.swift; sourceTree = "<group>"; };
		C990D6571E7095ED00E33BF5 /* ViewController.swift */ = {isa = PBXFileReference; lastKnownFileType = sourcecode.swift; path = ViewController.swift; sourceTree = "<group>"; };
		C990D65A1E7095ED00E33BF5 /* Base */ = {isa = PBXFileReference; lastKnownFileType = file.storyboard; name = Base; path = Base.lproj/Main.storyboard; sourceTree = "<group>"; };
		C990D65D1E7095ED00E33BF5 /* KidTimer.xcdatamodel */ = {isa = PBXFileReference; lastKnownFileType = wrapper.xcdatamodel; path = KidTimer.xcdatamodel; sourceTree = "<group>"; };
		C990D65F1E7095ED00E33BF5 /* Assets.xcassets */ = {isa = PBXFileReference; lastKnownFileType = folder.assetcatalog; path = Assets.xcassets; sourceTree = "<group>"; };
		C990D6621E7095ED00E33BF5 /* Base */ = {isa = PBXFileReference; lastKnownFileType = file.storyboard; name = Base; path = Base.lproj/LaunchScreen.storyboard; sourceTree = "<group>"; };
		C990D6641E7095ED00E33BF5 /* Info.plist */ = {isa = PBXFileReference; lastKnownFileType = text.plist.xml; path = Info.plist; sourceTree = "<group>"; };
		C990D6691E7095EE00E33BF5 /* KidTimerTests.xctest */ = {isa = PBXFileReference; explicitFileType = wrapper.cfbundle; includeInIndex = 0; path = KidTimerTests.xctest; sourceTree = BUILT_PRODUCTS_DIR; };
		C990D66D1E7095EE00E33BF5 /* KidTimerTests.swift */ = {isa = PBXFileReference; lastKnownFileType = sourcecode.swift; path = KidTimerTests.swift; sourceTree = "<group>"; };
		C990D66F1E7095EE00E33BF5 /* Info.plist */ = {isa = PBXFileReference; lastKnownFileType = text.plist.xml; path = Info.plist; sourceTree = "<group>"; };
		C990D6741E7095EE00E33BF5 /* KidTimerUITests.xctest */ = {isa = PBXFileReference; explicitFileType = wrapper.cfbundle; includeInIndex = 0; path = KidTimerUITests.xctest; sourceTree = BUILT_PRODUCTS_DIR; };
		C990D6781E7095EF00E33BF5 /* KidTimerUITests.swift */ = {isa = PBXFileReference; lastKnownFileType = sourcecode.swift; path = KidTimerUITests.swift; sourceTree = "<group>"; };
		C990D67A1E7095EF00E33BF5 /* Info.plist */ = {isa = PBXFileReference; lastKnownFileType = text.plist.xml; path = Info.plist; sourceTree = "<group>"; };
/* End PBXFileReference section */

/* Begin PBXFrameworksBuildPhase section */
		C990D64F1E7095ED00E33BF5 /* Frameworks */ = {
			isa = PBXFrameworksBuildPhase;
			buildActionMask = 2147483647;
			files = (
			);
			runOnlyForDeploymentPostprocessing = 0;
		};
		C990D6661E7095EE00E33BF5 /* Frameworks */ = {
			isa = PBXFrameworksBuildPhase;
			buildActionMask = 2147483647;
			files = (
			);
			runOnlyForDeploymentPostprocessing = 0;
		};
		C990D6711E7095EE00E33BF5 /* Frameworks */ = {
			isa = PBXFrameworksBuildPhase;
			buildActionMask = 2147483647;
			files = (
			);
			runOnlyForDeploymentPostprocessing = 0;
		};
/* End PBXFrameworksBuildPhase section */

/* Begin PBXGroup section */
		C990D6491E7095EC00E33BF5 = {
			isa = PBXGroup;
			children = (
				C990D6871E70A22B00E33BF5 /* KidTimerCoreData */,
				C990D6861E70A20A00E33BF5 /* KidTimerCustomControls */,
				C990D6541E7095ED00E33BF5 /* KidTimer */,
				C990D66C1E7095EE00E33BF5 /* KidTimerTests */,
				C990D6771E7095EF00E33BF5 /* KidTimerUITests */,
				C990D6531E7095ED00E33BF5 /* Products */,
			);
			sourceTree = "<group>";
		};
		C990D6531E7095ED00E33BF5 /* Products */ = {
			isa = PBXGroup;
			children = (
				C990D6521E7095ED00E33BF5 /* KidTimer.app */,
				C990D6691E7095EE00E33BF5 /* KidTimerTests.xctest */,
				C990D6741E7095EE00E33BF5 /* KidTimerUITests.xctest */,
			);
			name = Products;
			sourceTree = "<group>";
		};
		C990D6541E7095ED00E33BF5 /* KidTimer */ = {
			isa = PBXGroup;
			children = (
				C990D6551E7095ED00E33BF5 /* AppDelegate.swift */,
				C990D6571E7095ED00E33BF5 /* ViewController.swift */,
				C990D6591E7095ED00E33BF5 /* Main.storyboard */,
				C990D65F1E7095ED00E33BF5 /* Assets.xcassets */,
				C990D6611E7095ED00E33BF5 /* LaunchScreen.storyboard */,
				C990D6641E7095ED00E33BF5 /* Info.plist */,
			);
			path = KidTimer;
			sourceTree = "<group>";
		};
		C990D66C1E7095EE00E33BF5 /* KidTimerTests */ = {
			isa = PBXGroup;
			children = (
				C990D66D1E7095EE00E33BF5 /* KidTimerTests.swift */,
				C990D66F1E7095EE00E33BF5 /* Info.plist */,
			);
			path = KidTimerTests;
			sourceTree = "<group>";
		};
		C990D6771E7095EF00E33BF5 /* KidTimerUITests */ = {
			isa = PBXGroup;
			children = (
				C990D6781E7095EF00E33BF5 /* KidTimerUITests.swift */,
				C990D67A1E7095EF00E33BF5 /* Info.plist */,
			);
			path = KidTimerUITests;
			sourceTree = "<group>";
		};
		C990D6861E70A20A00E33BF5 /* KidTimerCustomControls */ = {
			isa = PBXGroup;
			children = (
			);
			name = KidTimerCustomControls;
			sourceTree = "<group>";
		};
		C990D6871E70A22B00E33BF5 /* KidTimerCoreData */ = {
			isa = PBXGroup;
			children = (
				C990D65C1E7095ED00E33BF5 /* KidTimer.xcdatamodeld */,
				C94EAF6E1E85A8650039B41C /* BARPersistenceController.swift */,
			);
			name = KidTimerCoreData;
			sourceTree = "<group>";
		};
/* End PBXGroup section */

/* Begin PBXNativeTarget section */
		C990D6511E7095ED00E33BF5 /* KidTimer */ = {
			isa = PBXNativeTarget;
			buildConfigurationList = C990D67D1E7095EF00E33BF5 /* Build configuration list for PBXNativeTarget "KidTimer" */;
			buildPhases = (
				C990D64E1E7095ED00E33BF5 /* Sources */,
				C990D64F1E7095ED00E33BF5 /* Frameworks */,
				C990D6501E7095ED00E33BF5 /* Resources */,
			);
			buildRules = (
			);
			dependencies = (
			);
			name = KidTimer;
			productName = KidTimer;
			productReference = C990D6521E7095ED00E33BF5 /* KidTimer.app */;
			productType = "com.apple.product-type.application";
		};
		C990D6681E7095EE00E33BF5 /* KidTimerTests */ = {
			isa = PBXNativeTarget;
			buildConfigurationList = C990D6801E7095EF00E33BF5 /* Build configuration list for PBXNativeTarget "KidTimerTests" */;
			buildPhases = (
				C990D6651E7095EE00E33BF5 /* Sources */,
				C990D6661E7095EE00E33BF5 /* Frameworks */,
				C990D6671E7095EE00E33BF5 /* Resources */,
			);
			buildRules = (
			);
			dependencies = (
				C990D66B1E7095EE00E33BF5 /* PBXTargetDependency */,
			);
			name = KidTimerTests;
			productName = KidTimerTests;
			productReference = C990D6691E7095EE00E33BF5 /* KidTimerTests.xctest */;
			productType = "com.apple.product-type.bundle.unit-test";
		};
		C990D6731E7095EE00E33BF5 /* KidTimerUITests */ = {
			isa = PBXNativeTarget;
			buildConfigurationList = C990D6831E7095EF00E33BF5 /* Build configuration list for PBXNativeTarget "KidTimerUITests" */;
			buildPhases = (
				C990D6701E7095EE00E33BF5 /* Sources */,
				C990D6711E7095EE00E33BF5 /* Frameworks */,
				C990D6721E7095EE00E33BF5 /* Resources */,
			);
			buildRules = (
			);
			dependencies = (
				C990D6761E7095EE00E33BF5 /* PBXTargetDependency */,
			);
			name = KidTimerUITests;
			productName = KidTimerUITests;
			productReference = C990D6741E7095EE00E33BF5 /* KidTimerUITests.xctest */;
			productType = "com.apple.product-type.bundle.ui-testing";
		};
/* End PBXNativeTarget section */

/* Begin PBXProject section */
		C990D64A1E7095EC00E33BF5 /* Project object */ = {
			isa = PBXProject;
			attributes = {
				LastSwiftUpdateCheck = 0820;
				LastUpgradeCheck = 0820;
				ORGANIZATIONNAME = BenRussell;
				TargetAttributes = {
					C990D6511E7095ED00E33BF5 = {
						CreatedOnToolsVersion = 8.2.1;
						DevelopmentTeam = GUY34L2LLG;
						ProvisioningStyle = Automatic;
					};
					C990D6681E7095EE00E33BF5 = {
						CreatedOnToolsVersion = 8.2.1;
						DevelopmentTeam = GUY34L2LLG;
						ProvisioningStyle = Automatic;
						TestTargetID = C990D6511E7095ED00E33BF5;
					};
					C990D6731E7095EE00E33BF5 = {
						CreatedOnToolsVersion = 8.2.1;
						DevelopmentTeam = GUY34L2LLG;
						ProvisioningStyle = Automatic;
						TestTargetID = C990D6511E7095ED00E33BF5;
					};
				};
			};
			buildConfigurationList = C990D64D1E7095EC00E33BF5 /* Build configuration list for PBXProject "KidTimer" */;
			compatibilityVersion = "Xcode 3.2";
			developmentRegion = English;
			hasScannedForEncodings = 0;
			knownRegions = (
				en,
				Base,
			);
			mainGroup = C990D6491E7095EC00E33BF5;
			productRefGroup = C990D6531E7095ED00E33BF5 /* Products */;
			projectDirPath = "";
			projectRoot = "";
			targets = (
				C990D6511E7095ED00E33BF5 /* KidTimer */,
				C990D6681E7095EE00E33BF5 /* KidTimerTests */,
				C990D6731E7095EE00E33BF5 /* KidTimerUITests */,
			);
		};
/* End PBXProject section */

/* Begin PBXResourcesBuildPhase section */
		C990D6501E7095ED00E33BF5 /* Resources */ = {
			isa = PBXResourcesBuildPhase;
			buildActionMask = 2147483647;
			files = (
				C990D6631E7095ED00E33BF5 /* LaunchScreen.storyboard in Resources */,
				C990D6601E7095ED00E33BF5 /* Assets.xcassets in Resources */,
				C990D65B1E7095ED00E33BF5 /* Main.storyboard in Resources */,
			);
			runOnlyForDeploymentPostprocessing = 0;
		};
		C990D6671E7095EE00E33BF5 /* Resources */ = {
			isa = PBXResourcesBuildPhase;
			buildActionMask = 2147483647;
			files = (
			);
			runOnlyForDeploymentPostprocessing = 0;
		};
		C990D6721E7095EE00E33BF5 /* Resources */ = {
			isa = PBXResourcesBuildPhase;
			buildActionMask = 2147483647;
			files = (
			);
			runOnlyForDeploymentPostprocessing = 0;
		};
/* End PBXResourcesBuildPhase section */

/* Begin PBXSourcesBuildPhase section */
		C990D64E1E7095ED00E33BF5 /* Sources */ = {
			isa = PBXSourcesBuildPhase;
			buildActionMask = 2147483647;
			files = (
				C990D6581E7095ED00E33BF5 /* ViewController.swift in Sources */,
				C990D6561E7095ED00E33BF5 /* AppDelegate.swift in Sources */,
				C990D65E1E7095ED00E33BF5 /* KidTimer.xcdatamodeld in Sources */,
				C94EAF6F1E85A8650039B41C /* BARPersistenceController.swift in Sources */,
			);
			runOnlyForDeploymentPostprocessing = 0;
		};
		C990D6651E7095EE00E33BF5 /* Sources */ = {
			isa = PBXSourcesBuildPhase;
			buildActionMask = 2147483647;
			files = (
				C990D66E1E7095EE00E33BF5 /* KidTimerTests.swift in Sources */,
				C94EAF701E85A8650039B41C /* BARPersistenceController.swift in Sources */,
			);
			runOnlyForDeploymentPostprocessing = 0;
		};
		C990D6701E7095EE00E33BF5 /* Sources */ = {
			isa = PBXSourcesBuildPhase;
			buildActionMask = 2147483647;
			files = (
				C990D6791E7095EF00E33BF5 /* KidTimerUITests.swift in Sources */,
				C94EAF711E85A8650039B41C /* BARPersistenceController.swift in Sources */,
			);
			runOnlyForDeploymentPostprocessing = 0;
		};
/* End PBXSourcesBuildPhase section */

/* Begin PBXTargetDependency section */
		C990D66B1E7095EE00E33BF5 /* PBXTargetDependency */ = {
			isa = PBXTargetDependency;
			target = C990D6511E7095ED00E33BF5 /* KidTimer */;
			targetProxy = C990D66A1E7095EE00E33BF5 /* PBXContainerItemProxy */;
		};
		C990D6761E7095EE00E33BF5 /* PBXTargetDependency */ = {
			isa = PBXTargetDependency;
			target = C990D6511E7095ED00E33BF5 /* KidTimer */;
			targetProxy = C990D6751E7095EE00E33BF5 /* PBXContainerItemProxy */;
		};
/* End PBXTargetDependency section */

/* Begin PBXVariantGroup section */
		C990D6591E7095ED00E33BF5 /* Main.storyboard */ = {
			isa = PBXVariantGroup;
			children = (
				C990D65A1E7095ED00E33BF5 /* Base */,
			);
			name = Main.storyboard;
			sourceTree = "<group>";
		};
		C990D6611E7095ED00E33BF5 /* LaunchScreen.storyboard */ = {
			isa = PBXVariantGroup;
			children = (
				C990D6621E7095ED00E33BF5 /* Base */,
			);
			name = LaunchScreen.storyboard;
			sourceTree = "<group>";
		};
/* End PBXVariantGroup section */

/* Begin XCBuildConfiguration section */
		C990D67B1E7095EF00E33BF5 /* Debug */ = {
			isa = XCBuildConfiguration;
			buildSettings = {
				ALWAYS_SEARCH_USER_PATHS = NO;
				CLANG_ANALYZER_NONNULL = YES;
				CLANG_CXX_LANGUAGE_STANDARD = "gnu++0x";
				CLANG_CXX_LIBRARY = "libc++";
				CLANG_ENABLE_MODULES = YES;
				CLANG_ENABLE_OBJC_ARC = YES;
				CLANG_WARN_BOOL_CONVERSION = YES;
				CLANG_WARN_CONSTANT_CONVERSION = YES;
				CLANG_WARN_DIRECT_OBJC_ISA_USAGE = YES_ERROR;
				CLANG_WARN_DOCUMENTATION_COMMENTS = YES;
				CLANG_WARN_EMPTY_BODY = YES;
				CLANG_WARN_ENUM_CONVERSION = YES;
				CLANG_WARN_INFINITE_RECURSION = YES;
				CLANG_WARN_INT_CONVERSION = YES;
				CLANG_WARN_OBJC_ROOT_CLASS = YES_ERROR;
				CLANG_WARN_SUSPICIOUS_MOVE = YES;
				CLANG_WARN_UNREACHABLE_CODE = YES;
				CLANG_WARN__DUPLICATE_METHOD_MATCH = YES;
				"CODE_SIGN_IDENTITY[sdk=iphoneos*]" = "iPhone Developer";
				COPY_PHASE_STRIP = NO;
				DEBUG_INFORMATION_FORMAT = dwarf;
				ENABLE_STRICT_OBJC_MSGSEND = YES;
				ENABLE_TESTABILITY = YES;
				GCC_C_LANGUAGE_STANDARD = gnu99;
				GCC_DYNAMIC_NO_PIC = NO;
				GCC_NO_COMMON_BLOCKS = YES;
				GCC_OPTIMIZATION_LEVEL = 0;
				GCC_PREPROCESSOR_DEFINITIONS = (
					"DEBUG=1",
					"$(inherited)",
				);
				GCC_WARN_64_TO_32_BIT_CONVERSION = YES;
				GCC_WARN_ABOUT_RETURN_TYPE = YES_ERROR;
				GCC_WARN_UNDECLARED_SELECTOR = YES;
				GCC_WARN_UNINITIALIZED_AUTOS = YES_AGGRESSIVE;
				GCC_WARN_UNUSED_FUNCTION = YES;
				GCC_WARN_UNUSED_VARIABLE = YES;
				IPHONEOS_DEPLOYMENT_TARGET = 10.2;
				MTL_ENABLE_DEBUG_INFO = YES;
				ONLY_ACTIVE_ARCH = YES;
				SDKROOT = iphoneos;
				SWIFT_ACTIVE_COMPILATION_CONDITIONS = DEBUG;
				SWIFT_OPTIMIZATION_LEVEL = "-Onone";
				TARGETED_DEVICE_FAMILY = "1,2";
			};
			name = Debug;
		};
		C990D67C1E7095EF00E33BF5 /* Release */ = {
			isa = XCBuildConfiguration;
			buildSettings = {
				ALWAYS_SEARCH_USER_PATHS = NO;
				CLANG_ANALYZER_NONNULL = YES;
				CLANG_CXX_LANGUAGE_STANDARD = "gnu++0x";
				CLANG_CXX_LIBRARY = "libc++";
				CLANG_ENABLE_MODULES = YES;
				CLANG_ENABLE_OBJC_ARC = YES;
				CLANG_WARN_BOOL_CONVERSION = YES;
				CLANG_WARN_CONSTANT_CONVERSION = YES;
				CLANG_WARN_DIRECT_OBJC_ISA_USAGE = YES_ERROR;
				CLANG_WARN_DOCUMENTATION_COMMENTS = YES;
				CLANG_WARN_EMPTY_BODY = YES;
				CLANG_WARN_ENUM_CONVERSION = YES;
				CLANG_WARN_INFINITE_RECURSION = YES;
				CLANG_WARN_INT_CONVERSION = YES;
				CLANG_WARN_OBJC_ROOT_CLASS = YES_ERROR;
				CLANG_WARN_SUSPICIOUS_MOVE = YES;
				CLANG_WARN_UNREACHABLE_CODE = YES;
				CLANG_WARN__DUPLICATE_METHOD_MATCH = YES;
				"CODE_SIGN_IDENTITY[sdk=iphoneos*]" = "iPhone Developer";
				COPY_PHASE_STRIP = NO;
				DEBUG_INFORMATION_FORMAT = "dwarf-with-dsym";
				ENABLE_NS_ASSERTIONS = NO;
				ENABLE_STRICT_OBJC_MSGSEND = YES;
				GCC_C_LANGUAGE_STANDARD = gnu99;
				GCC_NO_COMMON_BLOCKS = YES;
				GCC_WARN_64_TO_32_BIT_CONVERSION = YES;
				GCC_WARN_ABOUT_RETURN_TYPE = YES_ERROR;
				GCC_WARN_UNDECLARED_SELECTOR = YES;
				GCC_WARN_UNINITIALIZED_AUTOS = YES_AGGRESSIVE;
				GCC_WARN_UNUSED_FUNCTION = YES;
				GCC_WARN_UNUSED_VARIABLE = YES;
				IPHONEOS_DEPLOYMENT_TARGET = 10.2;
				MTL_ENABLE_DEBUG_INFO = NO;
				SDKROOT = iphoneos;
				SWIFT_OPTIMIZATION_LEVEL = "-Owholemodule";
				TARGETED_DEVICE_FAMILY = "1,2";
				VALIDATE_PRODUCT = YES;
			};
			name = Release;
		};
		C990D67E1E7095EF00E33BF5 /* Debug */ = {
			isa = XCBuildConfiguration;
			buildSettings = {
				ASSETCATALOG_COMPILER_APPICON_NAME = AppIcon;
				DEVELOPMENT_TEAM = GUY34L2LLG;
				INFOPLIST_FILE = KidTimer/Info.plist;
				LD_RUNPATH_SEARCH_PATHS = "$(inherited) @executable_path/Frameworks";
				PRODUCT_BUNDLE_IDENTIFIER = com.benrussell.KidTimer;
				PRODUCT_NAME = "$(TARGET_NAME)";
				SWIFT_VERSION = 3.0;
			};
			name = Debug;
		};
		C990D67F1E7095EF00E33BF5 /* Release */ = {
			isa = XCBuildConfiguration;
			buildSettings = {
				ASSETCATALOG_COMPILER_APPICON_NAME = AppIcon;
				DEVELOPMENT_TEAM = GUY34L2LLG;
				INFOPLIST_FILE = KidTimer/Info.plist;
				LD_RUNPATH_SEARCH_PATHS = "$(inherited) @executable_path/Frameworks";
				PRODUCT_BUNDLE_IDENTIFIER = com.benrussell.KidTimer;
				PRODUCT_NAME = "$(TARGET_NAME)";
				SWIFT_VERSION = 3.0;
			};
			name = Release;
		};
		C990D6811E7095EF00E33BF5 /* Debug */ = {
			isa = XCBuildConfiguration;
			buildSettings = {
				ALWAYS_EMBED_SWIFT_STANDARD_LIBRARIES = YES;
				BUNDLE_LOADER = "$(TEST_HOST)";
				DEVELOPMENT_TEAM = GUY34L2LLG;
				INFOPLIST_FILE = KidTimerTests/Info.plist;
				LD_RUNPATH_SEARCH_PATHS = "$(inherited) @executable_path/Frameworks @loader_path/Frameworks";
				PRODUCT_BUNDLE_IDENTIFIER = com.benrussell.KidTimerTests;
				PRODUCT_NAME = "$(TARGET_NAME)";
				SWIFT_VERSION = 3.0;
				TEST_HOST = "$(BUILT_PRODUCTS_DIR)/KidTimer.app/KidTimer";
			};
			name = Debug;
		};
		C990D6821E7095EF00E33BF5 /* Release */ = {
			isa = XCBuildConfiguration;
			buildSettings = {
				ALWAYS_EMBED_SWIFT_STANDARD_LIBRARIES = YES;
				BUNDLE_LOADER = "$(TEST_HOST)";
				DEVELOPMENT_TEAM = GUY34L2LLG;
				INFOPLIST_FILE = KidTimerTests/Info.plist;
				LD_RUNPATH_SEARCH_PATHS = "$(inherited) @executable_path/Frameworks @loader_path/Frameworks";
				PRODUCT_BUNDLE_IDENTIFIER = com.benrussell.KidTimerTests;
				PRODUCT_NAME = "$(TARGET_NAME)";
				SWIFT_VERSION = 3.0;
				TEST_HOST = "$(BUILT_PRODUCTS_DIR)/KidTimer.app/KidTimer";
			};
			name = Release;
		};
		C990D6841E7095EF00E33BF5 /* Debug */ = {
			isa = XCBuildConfiguration;
			buildSettings = {
				ALWAYS_EMBED_SWIFT_STANDARD_LIBRARIES = YES;
				DEVELOPMENT_TEAM = GUY34L2LLG;
				INFOPLIST_FILE = KidTimerUITests/Info.plist;
				LD_RUNPATH_SEARCH_PATHS = "$(inherited) @executable_path/Frameworks @loader_path/Frameworks";
				PRODUCT_BUNDLE_IDENTIFIER = com.benrussell.KidTimerUITests;
				PRODUCT_NAME = "$(TARGET_NAME)";
				SWIFT_VERSION = 3.0;
				TEST_TARGET_NAME = KidTimer;
			};
			name = Debug;
		};
		C990D6851E7095EF00E33BF5 /* Release */ = {
			isa = XCBuildConfiguration;
			buildSettings = {
				ALWAYS_EMBED_SWIFT_STANDARD_LIBRARIES = YES;
				DEVELOPMENT_TEAM = GUY34L2LLG;
				INFOPLIST_FILE = KidTimerUITests/Info.plist;
				LD_RUNPATH_SEARCH_PATHS = "$(inherited) @executable_path/Frameworks @loader_path/Frameworks";
				PRODUCT_BUNDLE_IDENTIFIER = com.benrussell.KidTimerUITests;
				PRODUCT_NAME = "$(TARGET_NAME)";
				SWIFT_VERSION = 3.0;
				TEST_TARGET_NAME = KidTimer;
			};
			name = Release;
		};
/* End XCBuildConfiguration section */

/* Begin XCConfigurationList section */
		C990D64D1E7095EC00E33BF5 /* Build configuration list for PBXProject "KidTimer" */ = {
			isa = XCConfigurationList;
			buildConfigurations = (
				C990D67B1E7095EF00E33BF5 /* Debug */,
				C990D67C1E7095EF00E33BF5 /* Release */,
			);
			defaultConfigurationIsVisible = 0;
			defaultConfigurationName = Release;
		};
		C990D67D1E7095EF00E33BF5 /* Build configuration list for PBXNativeTarget "KidTimer" */ = {
			isa = XCConfigurationList;
			buildConfigurations = (
				C990D67E1E7095EF00E33BF5 /* Debug */,
				C990D67F1E7095EF00E33BF5 /* Release */,
			);
			defaultConfigurationIsVisible = 0;
			defaultConfigurationName = Release;
		};
		C990D6801E7095EF00E33BF5 /* Build configuration list for PBXNativeTarget "KidTimerTests" */ = {
			isa = XCConfigurationList;
			buildConfigurations = (
				C990D6811E7095EF00E33BF5 /* Debug */,
				C990D6821E7095EF00E33BF5 /* Release */,
			);
			defaultConfigurationIsVisible = 0;
			defaultConfigurationName = Release;
		};
		C990D6831E7095EF00E33BF5 /* Build configuration list for PBXNativeTarget "KidTimerUITests" */ = {
			isa = XCConfigurationList;
			buildConfigurations = (
				C990D6841E7095EF00E33BF5 /* Debug */,
				C990D6851E7095EF00E33BF5 /* Release */,
			);
			defaultConfigurationIsVisible = 0;
			defaultConfigurationName = Release;
		};
/* End XCConfigurationList section */

/* Begin XCVersionGroup section */
		C990D65C1E7095ED00E33BF5 /* KidTimer.xcdatamodeld */ = {
			isa = XCVersionGroup;
			children = (
				C990D65D1E7095ED00E33BF5 /* KidTimer.xcdatamodel */,
			);
			currentVersion = C990D65D1E7095ED00E33BF5 /* KidTimer.xcdatamodel */;
			name = KidTimer.xcdatamodeld;
			path = KidTimer/KidTimer.xcdatamodeld;
			sourceTree = "<group>";
			versionGroupType = wrapper.xcdatamodel;
		};
/* End XCVersionGroup section */
	};
	rootObject = C990D64A1E7095EC00E33BF5 /* Project object */;
}
